%{
  "csv": {:hex, :csv, "3.2.1", "6d401f1ed33acb2627682a9ab6021e96d33ca6c1c6bccc243d8f7e2197d032f5", [:mix], [], "hexpm", "8f55a0524923ae49e97ff2642122a2ce7c61e159e7fe1184670b2ce847aee6c8"},
  "heap": {:hex, :heap, "3.0.0", "c6dbcd6e9a0b021432176e89cfd829dd065bd6c115981fdcd981a4251fff5fde", [:mix], [], "hexpm", "373eaca5787e2a2b009c42338e70414f590ceabcf96cfc786627ed762ad4dfc6"},
  "stream_data": {:hex, :stream_data, "0.6.0", "e87a9a79d7ec23d10ff83eb025141ef4915eeb09d4491f79e52f2562b73e5f47", [:mix], [], "hexpm", "b92b5031b650ca480ced047578f1d57ea6dd563f5b57464ad274718c9c29501c"},
}
